// !$*UTF8*$!
{
	archiveVersion = 1;
	classes = {
	};
	objectVersion = 46;
	objects = {

/* Begin PBXBuildFile section */
		923E77271E1603B6004313BB /* AppDelegate.swift in Sources */ = {isa = PBXBuildFile; fileRef = 923E77261E1603B6004313BB /* AppDelegate.swift */; };
		923E77291E1603B6004313BB /* ViewController.swift in Sources */ = {isa = PBXBuildFile; fileRef = 923E77281E1603B6004313BB /* ViewController.swift */; };
		923E772C1E1603B6004313BB /* Main.storyboard in Resources */ = {isa = PBXBuildFile; fileRef = 923E772A1E1603B6004313BB /* Main.storyboard */; };
		923E772E1E1603B6004313BB /* Assets.xcassets in Resources */ = {isa = PBXBuildFile; fileRef = 923E772D1E1603B6004313BB /* Assets.xcassets */; };
		923E77311E1603B6004313BB /* LaunchScreen.storyboard in Resources */ = {isa = PBXBuildFile; fileRef = 923E772F1E1603B6004313BB /* LaunchScreen.storyboard */; };
		923E773C1E1603B6004313BB /* TipCalculatorTests.swift in Sources */ = {isa = PBXBuildFile; fileRef = 923E773B1E1603B6004313BB /* TipCalculatorTests.swift */; };
		923E77471E1603B6004313BB /* TipCalculatorUITests.swift in Sources */ = {isa = PBXBuildFile; fileRef = 923E77461E1603B6004313BB /* TipCalculatorUITests.swift */; };
/* End PBXBuildFile section */

/* Begin PBXContainerItemProxy section */
		923E77381E1603B6004313BB /* PBXContainerItemProxy */ = {
			isa = PBXContainerItemProxy;
			containerPortal = 923E771B1E1603B6004313BB /* Project object */;
			proxyType = 1;
			remoteGlobalIDString = 923E77221E1603B6004313BB;
			remoteInfo = TipCalculator;
		};
		923E77431E1603B6004313BB /* PBXContainerItemProxy */ = {
			isa = PBXContainerItemProxy;
			containerPortal = 923E771B1E1603B6004313BB /* Project object */;
			proxyType = 1;
			remoteGlobalIDString = 923E77221E1603B6004313BB;
			remoteInfo = TipCalculator;
		};
/* End PBXContainerItemProxy section */

/* Begin PBXFileReference section */
		923E77231E1603B6004313BB /* TipCalculator.app */ = {isa = PBXFileReference; explicitFileType = wrapper.application; includeInIndex = 0; path = TipCalculator.app; sourceTree = BUILT_PRODUCTS_DIR; };
		923E77261E1603B6004313BB /* AppDelegate.swift */ = {isa = PBXFileReference; lastKnownFileType = sourcecode.swift; path = AppDelegate.swift; sourceTree = "<group>"; };
		923E77281E1603B6004313BB /* ViewController.swift */ = {isa = PBXFileReference; lastKnownFileType = sourcecode.swift; path = ViewController.swift; sourceTree = "<group>"; };
		923E772B1E1603B6004313BB /* Base */ = {isa = PBXFileReference; lastKnownFileType = file.storyboard; name = Base; path = Base.lproj/Main.storyboard; sourceTree = "<group>"; };
		923E772D1E1603B6004313BB /* Assets.xcassets */ = {isa = PBXFileReference; lastKnownFileType = folder.assetcatalog; path = Assets.xcassets; sourceTree = "<group>"; };
		923E77301E1603B6004313BB /* Base */ = {isa = PBXFileReference; lastKnownFileType = file.storyboard; name = Base; path = Base.lproj/LaunchScreen.storyboard; sourceTree = "<group>"; };
		923E77321E1603B6004313BB /* Info.plist */ = {isa = PBXFileReference; lastKnownFileType = text.plist.xml; path = Info.plist; sourceTree = "<group>"; };
		923E77371E1603B6004313BB /* TipCalculatorTests.xctest */ = {isa = PBXFileReference; explicitFileType = wrapper.cfbundle; includeInIndex = 0; path = TipCalculatorTests.xctest; sourceTree = BUILT_PRODUCTS_DIR; };
		923E773B1E1603B6004313BB /* TipCalculatorTests.swift */ = {isa = PBXFileReference; lastKnownFileType = sourcecode.swift; path = TipCalculatorTests.swift; sourceTree = "<group>"; };
		923E773D1E1603B6004313BB /* Info.plist */ = {isa = PBXFileReference; lastKnownFileType = text.plist.xml; path = Info.plist; sourceTree = "<group>"; };
		923E77421E1603B6004313BB /* TipCalculatorUITests.xctest */ = {isa = PBXFileReference; explicitFileType = wrapper.cfbundle; includeInIndex = 0; path = TipCalculatorUITests.xctest; sourceTree = BUILT_PRODUCTS_DIR; };
		923E77461E1603B6004313BB /* TipCalculatorUITests.swift */ = {isa = PBXFileReference; lastKnownFileType = sourcecode.swift; path = TipCalculatorUITests.swift; sourceTree = "<group>"; };
		923E77481E1603B6004313BB /* Info.plist */ = {isa = PBXFileReference; lastKnownFileType = text.plist.xml; path = Info.plist; sourceTree = "<group>"; };
/* End PBXFileReference section */

/* Begin PBXFrameworksBuildPhase section */
		923E77201E1603B6004313BB /* Frameworks */ = {
			isa = PBXFrameworksBuildPhase;
			buildActionMask = 2147483647;
			files = (
			);
			runOnlyForDeploymentPostprocessing = 0;
		};
		923E77341E1603B6004313BB /* Frameworks */ = {
			isa = PBXFrameworksBuildPhase;
			buildActionMask = 2147483647;
			files = (
			);
			runOnlyForDeploymentPostprocessing = 0;
		};
		923E773F1E1603B6004313BB /* Frameworks */ = {
			isa = PBXFrameworksBuildPhase;
			buildActionMask = 2147483647;
			files = (
			);
			runOnlyForDeploymentPostprocessing = 0;
		};
/* End PBXFrameworksBuildPhase section */

/* Begin PBXGroup section */
		923E771A1E1603B6004313BB = {
			isa = PBXGroup;
			children = (
				923E77251E1603B6004313BB /* TipCalculator */,
				923E773A1E1603B6004313BB /* TipCalculatorTests */,
				923E77451E1603B6004313BB /* TipCalculatorUITests */,
				923E77241E1603B6004313BB /* Products */,
			);
			sourceTree = "<group>";
		};
		923E77241E1603B6004313BB /* Products */ = {
			isa = PBXGroup;
			children = (
				923E77231E1603B6004313BB /* TipCalculator.app */,
				923E77371E1603B6004313BB /* TipCalculatorTests.xctest */,
				923E77421E1603B6004313BB /* TipCalculatorUITests.xctest */,
			);
			name = Products;
			sourceTree = "<group>";
		};
		923E77251E1603B6004313BB /* TipCalculator */ = {
			isa = PBXGroup;
			children = (
				923E77261E1603B6004313BB /* AppDelegate.swift */,
				923E77281E1603B6004313BB /* ViewController.swift */,
				923E772A1E1603B6004313BB /* Main.storyboard */,
				923E772D1E1603B6004313BB /* Assets.xcassets */,
				923E772F1E1603B6004313BB /* LaunchScreen.storyboard */,
				923E77321E1603B6004313BB /* Info.plist */,
			);
			path = TipCalculator;
			sourceTree = "<group>";
		};
		923E773A1E1603B6004313BB /* TipCalculatorTests */ = {
			isa = PBXGroup;
			children = (
				923E773B1E1603B6004313BB /* TipCalculatorTests.swift */,
				923E773D1E1603B6004313BB /* Info.plist */,
			);
			path = TipCalculatorTests;
			sourceTree = "<group>";
		};
		923E77451E1603B6004313BB /* TipCalculatorUITests */ = {
			isa = PBXGroup;
			children = (
				923E77461E1603B6004313BB /* TipCalculatorUITests.swift */,
				923E77481E1603B6004313BB /* Info.plist */,
			);
			path = TipCalculatorUITests;
			sourceTree = "<group>";
		};
/* End PBXGroup section */

/* Begin PBXNativeTarget section */
		923E77221E1603B6004313BB /* TipCalculator */ = {
			isa = PBXNativeTarget;
			buildConfigurationList = 923E774B1E1603B6004313BB /* Build configuration list for PBXNativeTarget "TipCalculator" */;
			buildPhases = (
				923E771F1E1603B6004313BB /* Sources */,
				923E77201E1603B6004313BB /* Frameworks */,
				923E77211E1603B6004313BB /* Resources */,
			);
			buildRules = (
			);
			dependencies = (
			);
			name = TipCalculator;
			productName = TipCalculator;
			productReference = 923E77231E1603B6004313BB /* TipCalculator.app */;
			productType = "com.apple.product-type.application";
		};
		923E77361E1603B6004313BB /* TipCalculatorTests */ = {
			isa = PBXNativeTarget;
			buildConfigurationList = 923E774E1E1603B6004313BB /* Build configuration list for PBXNativeTarget "TipCalculatorTests" */;
			buildPhases = (
				923E77331E1603B6004313BB /* Sources */,
				923E77341E1603B6004313BB /* Frameworks */,
				923E77351E1603B6004313BB /* Resources */,
			);
			buildRules = (
			);
			dependencies = (
				923E77391E1603B6004313BB /* PBXTargetDependency */,
			);
			name = TipCalculatorTests;
			productName = TipCalculatorTests;
			productReference = 923E77371E1603B6004313BB /* TipCalculatorTests.xctest */;
			productType = "com.apple.product-type.bundle.unit-test";
		};
		923E77411E1603B6004313BB /* TipCalculatorUITests */ = {
			isa = PBXNativeTarget;
			buildConfigurationList = 923E77511E1603B6004313BB /* Build configuration list for PBXNativeTarget "TipCalculatorUITests" */;
			buildPhases = (
				923E773E1E1603B6004313BB /* Sources */,
				923E773F1E1603B6004313BB /* Frameworks */,
				923E77401E1603B6004313BB /* Resources */,
			);
			buildRules = (
			);
			dependencies = (
				923E77441E1603B6004313BB /* PBXTargetDependency */,
			);
			name = TipCalculatorUITests;
			productName = TipCalculatorUITests;
			productReference = 923E77421E1603B6004313BB /* TipCalculatorUITests.xctest */;
			productType = "com.apple.product-type.bundle.ui-testing";
		};
/* End PBXNativeTarget section */

/* Begin PBXProject section */
		923E771B1E1603B6004313BB /* Project object */ = {
			isa = PBXProject;
			attributes = {
				LastSwiftUpdateCheck = 0800;
				LastUpgradeCheck = 0800;
				ORGANIZATIONNAME = "Jose-Rafael Diaz";
				TargetAttributes = {
					923E77221E1603B6004313BB = {
						CreatedOnToolsVersion = 8.0;
						ProvisioningStyle = Automatic;
					};
					923E77361E1603B6004313BB = {
						CreatedOnToolsVersion = 8.0;
						ProvisioningStyle = Automatic;
						TestTargetID = 923E77221E1603B6004313BB;
					};
					923E77411E1603B6004313BB = {
						CreatedOnToolsVersion = 8.0;
						ProvisioningStyle = Automatic;
						TestTargetID = 923E77221E1603B6004313BB;
					};
				};
			};
			buildConfigurationList = 923E771E1E1603B6004313BB /* Build configuration list for PBXProject "TipCalculator" */;
			compatibilityVersion = "Xcode 3.2";
			developmentRegion = English;
			hasScannedForEncodings = 0;
			knownRegions = (
				en,
				Base,
			);
			mainGroup = 923E771A1E1603B6004313BB;
			productRefGroup = 923E77241E1603B6004313BB /* Products */;
			projectDirPath = "";
			projectRoot = "";
			targets = (
				923E77221E1603B6004313BB /* TipCalculator */,
				923E77361E1603B6004313BB /* TipCalculatorTests */,
				923E77411E1603B6004313BB /* TipCalculatorUITests */,
			);
		};
/* End PBXProject section */

/* Begin PBXResourcesBuildPhase section */
		923E77211E1603B6004313BB /* Resources */ = {
			isa = PBXResourcesBuildPhase;
			buildActionMask = 2147483647;
			files = (
				923E77311E1603B6004313BB /* LaunchScreen.storyboard in Resources */,
				923E772E1E1603B6004313BB /* Assets.xcassets in Resources */,
				923E772C1E1603B6004313BB /* Main.storyboard in Resources */,
			);
			runOnlyForDeploymentPostprocessing = 0;
		};
		923E77351E1603B6004313BB /* Resources */ = {
			isa = PBXResourcesBuildPhase;
			buildActionMask = 2147483647;
			files = (
			);
			runOnlyForDeploymentPostprocessing = 0;
		};
		923E77401E1603B6004313BB /* Resources */ = {
			isa = PBXResourcesBuildPhase;
			buildActionMask = 2147483647;
			files = (
			);
			runOnlyForDeploymentPostprocessing = 0;
		};
/* End PBXResourcesBuildPhase section */

/* Begin PBXSourcesBuildPhase section */
		923E771F1E1603B6004313BB /* Sources */ = {
			isa = PBXSourcesBuildPhase;
			buildActionMask = 2147483647;
			files = (
				923E77291E1603B6004313BB /* ViewController.swift in Sources */,
				923E77271E1603B6004313BB /* AppDelegate.swift in Sources */,
			);
			runOnlyForDeploymentPostprocessing = 0;
		};
		923E77331E1603B6004313BB /* Sources */ = {
			isa = PBXSourcesBuildPhase;
			buildActionMask = 2147483647;
			files = (
				923E773C1E1603B6004313BB /* TipCalculatorTests.swift in Sources */,
			);
			runOnlyForDeploymentPostprocessing = 0;
		};
		923E773E1E1603B6004313BB /* Sources */ = {
			isa = PBXSourcesBuildPhase;
			buildActionMask = 2147483647;
			files = (
				923E77471E1603B6004313BB /* TipCalculatorUITests.swift in Sources */,
			);
			runOnlyForDeploymentPostprocessing = 0;
		};
/* End PBXSourcesBuildPhase section */

/* Begin PBXTargetDependency section */
		923E77391E1603B6004313BB /* PBXTargetDependency */ = {
			isa = PBXTargetDependency;
			target = 923E77221E1603B6004313BB /* TipCalculator */;
			targetProxy = 923E77381E1603B6004313BB /* PBXContainerItemProxy */;
		};
		923E77441E1603B6004313BB /* PBXTargetDependency */ = {
			isa = PBXTargetDependency;
			target = 923E77221E1603B6004313BB /* TipCalculator */;
			targetProxy = 923E77431E1603B6004313BB /* PBXContainerItemProxy */;
		};
/* End PBXTargetDependency section */

/* Begin PBXVariantGroup section */
		923E772A1E1603B6004313BB /* Main.storyboard */ = {
			isa = PBXVariantGroup;
			children = (
				923E772B1E1603B6004313BB /* Base */,
			);
			name = Main.storyboard;
			sourceTree = "<group>";
		};
		923E772F1E1603B6004313BB /* LaunchScreen.storyboard */ = {
			isa = PBXVariantGroup;
			children = (
				923E77301E1603B6004313BB /* Base */,
			);
			name = LaunchScreen.storyboard;
			sourceTree = "<group>";
		};
/* End PBXVariantGroup section */

/* Begin XCBuildConfiguration section */
		923E77491E1603B6004313BB /* Debug */ = {
			isa = XCBuildConfiguration;
			buildSettings = {
				ALWAYS_SEARCH_USER_PATHS = NO;
				CLANG_ANALYZER_NONNULL = YES;
				CLANG_CXX_LANGUAGE_STANDARD = "gnu++0x";
				CLANG_CXX_LIBRARY = "libc++";
				CLANG_ENABLE_MODULES = YES;
				CLANG_ENABLE_OBJC_ARC = YES;
				CLANG_WARN_BOOL_CONVERSION = YES;
				CLANG_WARN_CONSTANT_CONVERSION = YES;
				CLANG_WARN_DIRECT_OBJC_ISA_USAGE = YES_ERROR;
				CLANG_WARN_DOCUMENTATION_COMMENTS = YES;
				CLANG_WARN_EMPTY_BODY = YES;
				CLANG_WARN_ENUM_CONVERSION = YES;
				CLANG_WARN_INFINITE_RECURSION = YES;
				CLANG_WARN_INT_CONVERSION = YES;
				CLANG_WARN_OBJC_ROOT_CLASS = YES_ERROR;
				CLANG_WARN_SUSPICIOUS_MOVES = YES;
				CLANG_WARN_UNREACHABLE_CODE = YES;
				CLANG_WARN__DUPLICATE_METHOD_MATCH = YES;
				"CODE_SIGN_IDENTITY[sdk=iphoneos*]" = "iPhone Developer";
				COPY_PHASE_STRIP = NO;
				DEBUG_INFORMATION_FORMAT = dwarf;
				ENABLE_STRICT_OBJC_MSGSEND = YES;
				ENABLE_TESTABILITY = YES;
				GCC_C_LANGUAGE_STANDARD = gnu99;
				GCC_DYNAMIC_NO_PIC = NO;
				GCC_NO_COMMON_BLOCKS = YES;
				GCC_OPTIMIZATION_LEVEL = 0;
				GCC_PREPROCESSOR_DEFINITIONS = (
					"DEBUG=1",
					"$(inherited)",
				);
				GCC_WARN_64_TO_32_BIT_CONVERSION = YES;
				GCC_WARN_ABOUT_RETURN_TYPE = YES_ERROR;
				GCC_WARN_UNDECLARED_SELECTOR = YES;
				GCC_WARN_UNINITIALIZED_AUTOS = YES_AGGRESSIVE;
				GCC_WARN_UNUSED_FUNCTION = YES;
				GCC_WARN_UNUSED_VARIABLE = YES;
				IPHONEOS_DEPLOYMENT_TARGET = 10.0;
				MTL_ENABLE_DEBUG_INFO = YES;
				ONLY_ACTIVE_ARCH = YES;
				SDKROOT = iphoneos;
				SWIFT_ACTIVE_COMPILATION_CONDITIONS = DEBUG;
				SWIFT_OPTIMIZATION_LEVEL = "-Onone";
			};
			name = Debug;
		};
		923E774A1E1603B6004313BB /* Release */ = {
			isa = XCBuildConfiguration;
			buildSettings = {
				ALWAYS_SEARCH_USER_PATHS = NO;
				CLANG_ANALYZER_NONNULL = YES;
				CLANG_CXX_LANGUAGE_STANDARD = "gnu++0x";
				CLANG_CXX_LIBRARY = "libc++";
				CLANG_ENABLE_MODULES = YES;
				CLANG_ENABLE_OBJC_ARC = YES;
				CLANG_WARN_BOOL_CONVERSION = YES;
				CLANG_WARN_CONSTANT_CONVERSION = YES;
				CLANG_WARN_DIRECT_OBJC_ISA_USAGE = YES_ERROR;
				CLANG_WARN_DOCUMENTATION_COMMENTS = YES;
				CLANG_WARN_EMPTY_BODY = YES;
				CLANG_WARN_ENUM_CONVERSION = YES;
				CLANG_WARN_INFINITE_RECURSION = YES;
				CLANG_WARN_INT_CONVERSION = YES;
				CLANG_WARN_OBJC_ROOT_CLASS = YES_ERROR;
				CLANG_WARN_SUSPICIOUS_MOVES = YES;
				CLANG_WARN_UNREACHABLE_CODE = YES;
				CLANG_WARN__DUPLICATE_METHOD_MATCH = YES;
				"CODE_SIGN_IDENTITY[sdk=iphoneos*]" = "iPhone Developer";
				COPY_PHASE_STRIP = NO;
				DEBUG_INFORMATION_FORMAT = "dwarf-with-dsym";
				ENABLE_NS_ASSERTIONS = NO;
				ENABLE_STRICT_OBJC_MSGSEND = YES;
				GCC_C_LANGUAGE_STANDARD = gnu99;
				GCC_NO_COMMON_BLOCKS = YES;
				GCC_WARN_64_TO_32_BIT_CONVERSION = YES;
				GCC_WARN_ABOUT_RETURN_TYPE = YES_ERROR;
				GCC_WARN_UNDECLARED_SELECTOR = YES;
				GCC_WARN_UNINITIALIZED_AUTOS = YES_AGGRESSIVE;
				GCC_WARN_UNUSED_FUNCTION = YES;
				GCC_WARN_UNUSED_VARIABLE = YES;
				IPHONEOS_DEPLOYMENT_TARGET = 10.0;
				MTL_ENABLE_DEBUG_INFO = NO;
				SDKROOT = iphoneos;
				SWIFT_OPTIMIZATION_LEVEL = "-Owholemodule";
				VALIDATE_PRODUCT = YES;
			};
			name = Release;
		};
		923E774C1E1603B6004313BB /* Debug */ = {
			isa = XCBuildConfiguration;
			buildSettings = {
				ASSETCATALOG_COMPILER_APPICON_NAME = AppIcon;
				INFOPLIST_FILE = TipCalculator/Info.plist;
				LD_RUNPATH_SEARCH_PATHS = "$(inherited) @executable_path/Frameworks";
				PRODUCT_BUNDLE_IDENTIFIER = com.josediaz.TipCalculator;
				PRODUCT_NAME = "$(TARGET_NAME)";
				SWIFT_VERSION = 3.0;
			};
			name = Debug;
		};
		923E774D1E1603B6004313BB /* Release */ = {
			isa = XCBuildConfiguration;
			buildSettings = {
				ASSETCATALOG_COMPILER_APPICON_NAME = AppIcon;
				INFOPLIST_FILE = TipCalculator/Info.plist;
				LD_RUNPATH_SEARCH_PATHS = "$(inherited) @executable_path/Frameworks";
				PRODUCT_BUNDLE_IDENTIFIER = com.josediaz.TipCalculator;
				PRODUCT_NAME = "$(TARGET_NAME)";
				SWIFT_VERSION = 3.0;
			};
			name = Release;
		};
		923E774F1E1603B6004313BB /* Debug */ = {
			isa = XCBuildConfiguration;
			buildSettings = {
				ALWAYS_EMBED_SWIFT_STANDARD_LIBRARIES = YES;
				BUNDLE_LOADER = "$(TEST_HOST)";
				INFOPLIST_FILE = TipCalculatorTests/Info.plist;
				LD_RUNPATH_SEARCH_PATHS = "$(inherited) @executable_path/Frameworks @loader_path/Frameworks";
				PRODUCT_BUNDLE_IDENTIFIER = com.josediaz.TipCalculatorTests;
				PRODUCT_NAME = "$(TARGET_NAME)";
				SWIFT_VERSION = 3.0;
				TEST_HOST = "$(BUILT_PRODUCTS_DIR)/TipCalculator.app/TipCalculator";
			};
			name = Debug;
		};
		923E77501E1603B6004313BB /* Release */ = {
			isa = XCBuildConfiguration;
			buildSettings = {
				ALWAYS_EMBED_SWIFT_STANDARD_LIBRARIES = YES;
				BUNDLE_LOADER = "$(TEST_HOST)";
				INFOPLIST_FILE = TipCalculatorTests/Info.plist;
				LD_RUNPATH_SEARCH_PATHS = "$(inherited) @executable_path/Frameworks @loader_path/Frameworks";
				PRODUCT_BUNDLE_IDENTIFIER = com.josediaz.TipCalculatorTests;
				PRODUCT_NAME = "$(TARGET_NAME)";
				SWIFT_VERSION = 3.0;
				TEST_HOST = "$(BUILT_PRODUCTS_DIR)/TipCalculator.app/TipCalculator";
			};
			name = Release;
		};
		923E77521E1603B6004313BB /* Debug */ = {
			isa = XCBuildConfiguration;
			buildSettings = {
				ALWAYS_EMBED_SWIFT_STANDARD_LIBRARIES = YES;
				INFOPLIST_FILE = TipCalculatorUITests/Info.plist;
				LD_RUNPATH_SEARCH_PATHS = "$(inherited) @executable_path/Frameworks @loader_path/Frameworks";
				PRODUCT_BUNDLE_IDENTIFIER = com.josediaz.TipCalculatorUITests;
				PRODUCT_NAME = "$(TARGET_NAME)";
				SWIFT_VERSION = 3.0;
				TEST_TARGET_NAME = TipCalculator;
			};
			name = Debug;
		};
		923E77531E1603B6004313BB /* Release */ = {
			isa = XCBuildConfiguration;
			buildSettings = {
				ALWAYS_EMBED_SWIFT_STANDARD_LIBRARIES = YES;
				INFOPLIST_FILE = TipCalculatorUITests/Info.plist;
				LD_RUNPATH_SEARCH_PATHS = "$(inherited) @executable_path/Frameworks @loader_path/Frameworks";
				PRODUCT_BUNDLE_IDENTIFIER = com.josediaz.TipCalculatorUITests;
				PRODUCT_NAME = "$(TARGET_NAME)";
				SWIFT_VERSION = 3.0;
				TEST_TARGET_NAME = TipCalculator;
			};
			name = Release;
		};
/* End XCBuildConfiguration section */

/* Begin XCConfigurationList section */
		923E771E1E1603B6004313BB /* Build configuration list for PBXProject "TipCalculator" */ = {
			isa = XCConfigurationList;
			buildConfigurations = (
				923E77491E1603B6004313BB /* Debug */,
				923E774A1E1603B6004313BB /* Release */,
			);
			defaultConfigurationIsVisible = 0;
			defaultConfigurationName = Release;
		};
		923E774B1E1603B6004313BB /* Build configuration list for PBXNativeTarget "TipCalculator" */ = {
			isa = XCConfigurationList;
			buildConfigurations = (
				923E774C1E1603B6004313BB /* Debug */,
				923E774D1E1603B6004313BB /* Release */,
			);
			defaultConfigurationIsVisible = 0;
		};
		923E774E1E1603B6004313BB /* Build configuration list for PBXNativeTarget "TipCalculatorTests" */ = {
			isa = XCConfigurationList;
			buildConfigurations = (
				923E774F1E1603B6004313BB /* Debug */,
				923E77501E1603B6004313BB /* Release */,
			);
			defaultConfigurationIsVisible = 0;
		};
		923E77511E1603B6004313BB /* Build configuration list for PBXNativeTarget "TipCalculatorUITests" */ = {
			isa = XCConfigurationList;
			buildConfigurations = (
				923E77521E1603B6004313BB /* Debug */,
				923E77531E1603B6004313BB /* Release */,
			);
			defaultConfigurationIsVisible = 0;
		};
/* End XCConfigurationList section */
	};
	rootObject = 923E771B1E1603B6004313BB /* Project object */;
}
